
Microsoft Visual Studio Solution File, Format Version 12.00
# Visual Studio Version 17
VisualStudioVersion = 17.10.35122.118
MinimumVisualStudioVersion = 10.0.40219.1
Project("{9A19103F-16F7-4668-BE54-9A1E7A4F7556}") = "TicketBooking", "TicketBooking\TicketBooking.csproj", "{970F9747-278E-401C-B5B2-895D8FC481C2}"
EndProject
Project("{FAE04EC0-301F-11D3-BF4B-00C04F79EFBC}") = "TicketBooking.Tests", "TicketBooking.Tests\TicketBooking.Tests.csproj", "{0275D866-2A48-4BBA-9497-8D58E7AE3BD6}"
EndProject
Global
	GlobalSection(SolutionConfigurationPlatforms) = preSolution
		Debug|Any CPU = Debug|Any CPU
		Release|Any CPU = Release|Any CPU
	EndGlobalSection
	GlobalSection(ProjectConfigurationPlatforms) = postSolution
		{970F9747-278E-401C-B5B2-895D8FC481C2}.Debug|Any CPU.ActiveCfg = Debug|Any CPU
		{970F9747-278E-401C-B5B2-895D8FC481C2}.Debug|Any CPU.Build.0 = Debug|Any CPU
		{970F9747-278E-401C-B5B2-895D8FC481C2}.Release|Any CPU.ActiveCfg = Release|Any CPU
		{970F9747-278E-401C-B5B2-895D8FC481C2}.Release|Any CPU.Build.0 = Release|Any CPU
		{0275D866-2A48-4BBA-9497-8D58E7AE3BD6}.Debug|Any CPU.ActiveCfg = Debug|Any CPU
		{0275D866-2A48-4BBA-9497-8D58E7AE3BD6}.Debug|Any CPU.Build.0 = Debug|Any CPU
		{0275D866-2A48-4BBA-9497-8D58E7AE3BD6}.Release|Any CPU.ActiveCfg = Release|Any CPU
		{0275D866-2A48-4BBA-9497-8D58E7AE3BD6}.Release|Any CPU.Build.0 = Release|Any CPU
	EndGlobalSection
	GlobalSection(SolutionProperties) = preSolution
		HideSolutionNode = FALSE
	EndGlobalSection
	GlobalSection(ExtensibilityGlobals) = postSolution
		SolutionGuid = {70DF420F-AC07-4DF6-8C85-7D80F89F32E8}
	EndGlobalSection
EndGlobal
